
Microsoft Visual Studio Solution File, Format Version 12.00
# Visual Studio Version 17
VisualStudioVersion = 17.0.31912.275
MinimumVisualStudioVersion = 10.0.40219.1
Project("{FAE04EC0-301F-11D3-BF4B-00C04F79EFBC}") = "academiaigor3", "academiaigor3\academiaigor3.csproj", "{FD9C2F63-FC1A-4433-A071-7418E1F153AB}"
EndProject
Global
	GlobalSection(SolutionConfigurationPlatforms) = preSolution
		Debug|Any CPU = Debug|Any CPU
		Release|Any CPU = Release|Any CPU
	EndGlobalSection
	GlobalSection(ProjectConfigurationPlatforms) = postSolution
		{FD9C2F63-FC1A-4433-A071-7418E1F153AB}.Debug|Any CPU.ActiveCfg = Debug|Any CPU
		{FD9C2F63-FC1A-4433-A071-7418E1F153AB}.Debug|Any CPU.Build.0 = Debug|Any CPU
		{FD9C2F63-FC1A-4433-A071-7418E1F153AB}.Release|Any CPU.ActiveCfg = Release|Any CPU
		{FD9C2F63-FC1A-4433-A071-7418E1F153AB}.Release|Any CPU.Build.0 = Release|Any CPU
	EndGlobalSection
	GlobalSection(SolutionProperties) = preSolution
		HideSolutionNode = FALSE
	EndGlobalSection
	GlobalSection(ExtensibilityGlobals) = postSolution
		SolutionGuid = {795F5426-00A8-4A07-8DC7-D77DB54C7E30}
	EndGlobalSection
EndGlobal
